Microsoft Visual Studio Solution File, Format Version 12.00
# Visual Studio Version 17
VisualStudioVersion = 17.5.2.0
MinimumVisualStudioVersion = 10.0.40219.1
Project("{FAE04EC0-301F-11D3-BF4B-00C04F79EFBC}") = "Azure-Developer", "Azure-Developer.csproj", "{6E2DB746-8DBB-C337-B3A2-A9D24CC2C0DE}"
EndProject
Project("{FAE04EC0-301F-11D3-BF4B-00C04F79EFBC}") = "graphapp", "graphapp\graphapp.csproj", "{BE2CFDA0-D6F0-A8CA-73B7-66C375FB2AE9}"
EndProject
Project("{FAE04EC0-301F-11D3-BF4B-00C04F79EFBC}") = "appconfig", "appconfig\appconfig.csproj", "{9ECB9376-44CC-0558-9949-DD4DA45CD544}"
EndProject
Project("{FAE04EC0-301F-11D3-BF4B-00C04F79EFBC}") = "authapp", "authapp\authapp.csproj", "{ED2F5FA7-4C8F-E286-BAFD-1B959AD576DA}"
EndProject
Project("{2150E333-8FDC-42A3-9474-1A3956D46DE8}") = "AzureKeyVault", "AzureKeyVault", "{1E5BD28F-DFD1-02BE-391D-BD355F4C1257}"
EndProject
Project("{FAE04EC0-301F-11D3-BF4B-00C04F79EFBC}") = "keyvault", "AzureKeyVault\keyvault\keyvault.csproj", "{1CCC243D-9223-81AC-4B28-BF12864D846D}"
EndProject
Global
	GlobalSection(SolutionConfigurationPlatforms) = preSolution
		Debug|Any CPU = Debug|Any CPU
		Release|Any CPU = Release|Any CPU
	EndGlobalSection
	GlobalSection(ProjectConfigurationPlatforms) = postSolution
		{6E2DB746-8DBB-C337-B3A2-A9D24CC2C0DE}.Debug|Any CPU.ActiveCfg = Debug|Any CPU
		{6E2DB746-8DBB-C337-B3A2-A9D24CC2C0DE}.Debug|Any CPU.Build.0 = Debug|Any CPU
		{6E2DB746-8DBB-C337-B3A2-A9D24CC2C0DE}.Release|Any CPU.ActiveCfg = Release|Any CPU
		{6E2DB746-8DBB-C337-B3A2-A9D24CC2C0DE}.Release|Any CPU.Build.0 = Release|Any CPU
		{BE2CFDA0-D6F0-A8CA-73B7-66C375FB2AE9}.Debug|Any CPU.ActiveCfg = Debug|Any CPU
		{BE2CFDA0-D6F0-A8CA-73B7-66C375FB2AE9}.Debug|Any CPU.Build.0 = Debug|Any CPU
		{BE2CFDA0-D6F0-A8CA-73B7-66C375FB2AE9}.Release|Any CPU.ActiveCfg = Release|Any CPU
		{BE2CFDA0-D6F0-A8CA-73B7-66C375FB2AE9}.Release|Any CPU.Build.0 = Release|Any CPU
		{9ECB9376-44CC-0558-9949-DD4DA45CD544}.Debug|Any CPU.ActiveCfg = Debug|Any CPU
		{9ECB9376-44CC-0558-9949-DD4DA45CD544}.Debug|Any CPU.Build.0 = Debug|Any CPU
		{9ECB9376-44CC-0558-9949-DD4DA45CD544}.Release|Any CPU.ActiveCfg = Release|Any CPU
		{9ECB9376-44CC-0558-9949-DD4DA45CD544}.Release|Any CPU.Build.0 = Release|Any CPU
		{ED2F5FA7-4C8F-E286-BAFD-1B959AD576DA}.Debug|Any CPU.ActiveCfg = Debug|Any CPU
		{ED2F5FA7-4C8F-E286-BAFD-1B959AD576DA}.Debug|Any CPU.Build.0 = Debug|Any CPU
		{ED2F5FA7-4C8F-E286-BAFD-1B959AD576DA}.Release|Any CPU.ActiveCfg = Release|Any CPU
		{ED2F5FA7-4C8F-E286-BAFD-1B959AD576DA}.Release|Any CPU.Build.0 = Release|Any CPU
		{1CCC243D-9223-81AC-4B28-BF12864D846D}.Debug|Any CPU.ActiveCfg = Debug|Any CPU
		{1CCC243D-9223-81AC-4B28-BF12864D846D}.Debug|Any CPU.Build.0 = Debug|Any CPU
		{1CCC243D-9223-81AC-4B28-BF12864D846D}.Release|Any CPU.ActiveCfg = Release|Any CPU
		{1CCC243D-9223-81AC-4B28-BF12864D846D}.Release|Any CPU.Build.0 = Release|Any CPU
	EndGlobalSection
	GlobalSection(SolutionProperties) = preSolution
		HideSolutionNode = FALSE
	EndGlobalSection
	GlobalSection(NestedProjects) = preSolution
		{1CCC243D-9223-81AC-4B28-BF12864D846D} = {1E5BD28F-DFD1-02BE-391D-BD355F4C1257}
	EndGlobalSection
	GlobalSection(ExtensibilityGlobals) = postSolution
		SolutionGuid = {2019E8CB-6BA9-40E6-B55B-C9E8D0E8A366}
	EndGlobalSection
EndGlobal
