Microsoft Visual Studio Solution File, Format Version 12.00
# Visual Studio Version 17
VisualStudioVersion = 17.5.2.0
MinimumVisualStudioVersion = 10.0.40219.1
Project("{FAE04EC0-301F-11D3-BF4B-00C04F79EFBC}") = "eventhubs", "eventhubs\eventhubs.csproj", "{E3DBC1B4-9BE1-C0BC-BD63-5CECF10658F5}"
EndProject
Global
	GlobalSection(SolutionConfigurationPlatforms) = preSolution
		Debug|Any CPU = Debug|Any CPU
		Release|Any CPU = Release|Any CPU
	EndGlobalSection
	GlobalSection(ProjectConfigurationPlatforms) = postSolution
		{E3DBC1B4-9BE1-C0BC-BD63-5CECF10658F5}.Debug|Any CPU.ActiveCfg = Debug|Any CPU
		{E3DBC1B4-9BE1-C0BC-BD63-5CECF10658F5}.Debug|Any CPU.Build.0 = Debug|Any CPU
		{E3DBC1B4-9BE1-C0BC-BD63-5CECF10658F5}.Release|Any CPU.ActiveCfg = Release|Any CPU
		{E3DBC1B4-9BE1-C0BC-BD63-5CECF10658F5}.Release|Any CPU.Build.0 = Release|Any CPU
	EndGlobalSection
	GlobalSection(SolutionProperties) = preSolution
		HideSolutionNode = FALSE
	EndGlobalSection
	GlobalSection(ExtensibilityGlobals) = postSolution
		SolutionGuid = {E9FD23E0-F39E-4F96-9AC8-9E0CD206B755}
	EndGlobalSection
EndGlobal
