Microsoft Visual Studio Solution File, Format Version 12.00
# Visual Studio Version 17
VisualStudioVersion = 17.5.2.0
MinimumVisualStudioVersion = 10.0.40219.1
Project("{FAE04EC0-301F-11D3-BF4B-00C04F79EFBC}") = "azstor", "azstor\azstor.csproj", "{83D82E9A-4CDF-E9D8-DE39-F1F9DB0631AF}"
EndProject
Global
	GlobalSection(SolutionConfigurationPlatforms) = preSolution
		Debug|Any CPU = Debug|Any CPU
		Release|Any CPU = Release|Any CPU
	EndGlobalSection
	GlobalSection(ProjectConfigurationPlatforms) = postSolution
		{83D82E9A-4CDF-E9D8-DE39-F1F9DB0631AF}.Debug|Any CPU.ActiveCfg = Debug|Any CPU
		{83D82E9A-4CDF-E9D8-DE39-F1F9DB0631AF}.Debug|Any CPU.Build.0 = Debug|Any CPU
		{83D82E9A-4CDF-E9D8-DE39-F1F9DB0631AF}.Release|Any CPU.ActiveCfg = Release|Any CPU
		{83D82E9A-4CDF-E9D8-DE39-F1F9DB0631AF}.Release|Any CPU.Build.0 = Release|Any CPU
	EndGlobalSection
	GlobalSection(SolutionProperties) = preSolution
		HideSolutionNode = FALSE
	EndGlobalSection
	GlobalSection(ExtensibilityGlobals) = postSolution
		SolutionGuid = {4615758D-D26A-47E6-A3D3-B33E8B0FFF29}
	EndGlobalSection
EndGlobal
